
Microsoft Visual Studio Solution File, Format Version 12.00
# Visual Studio Version 16
VisualStudioVersion = 16.0.32510.428
MinimumVisualStudioVersion = 10.0.40219.1
Project("{FAE04EC0-301F-11D3-BF4B-00C04F79EFBC}") = "Analyse", "Analyse\Analyse.csproj", "{8C4554F7-BCC8-4488-96EF-B553EDF60B1D}"
EndProject
Global
	GlobalSection(SolutionConfigurationPlatforms) = preSolution
		Debug|Any CPU = Debug|Any CPU
		Release|Any CPU = Release|Any CPU
	EndGlobalSection
	GlobalSection(ProjectConfigurationPlatforms) = postSolution
		{8C4554F7-BCC8-4488-96EF-B553EDF60B1D}.Debug|Any CPU.ActiveCfg = Debug|Any CPU
		{8C4554F7-BCC8-4488-96EF-B553EDF60B1D}.Debug|Any CPU.Build.0 = Debug|Any CPU
		{8C4554F7-BCC8-4488-96EF-B553EDF60B1D}.Release|Any CPU.ActiveCfg = Release|Any CPU
		{8C4554F7-BCC8-4488-96EF-B553EDF60B1D}.Release|Any CPU.Build.0 = Release|Any CPU
	EndGlobalSection
	GlobalSection(SolutionProperties) = preSolution
		HideSolutionNode = FALSE
	EndGlobalSection
	GlobalSection(ExtensibilityGlobals) = postSolution
		SolutionGuid = {90384A3C-D74D-4126-AF53-A23517883BBC}
	EndGlobalSection
EndGlobal
